PODS:
  - Flutter (1.0.0)
  - gainsightpx (1.11.0):
    - Flutter

DEPENDENCIES:
  - Flutter (from `Flutter`)
  - gainsightpx (from `.symlinks/plugins/gainsightpx/ios`)

EXTERNAL SOURCES:
  Flutter:
    :path: Flutter
  gainsightpx:
    :path: ".symlinks/plugins/gainsightpx/ios"

SPEC CHECKSUMS:
  Flutter: cabc95a1d2626b1b06e7179b784ebcf0c0cde467
  gainsightpx: ef11ea6495cbde71d630d15a0f57f409df3f63be

PODFILE CHECKSUM: 3c63482e143d1b91d2d2560aee9fb04ecc74ac7e

COCOAPODS: 1.16.2
